
Microsoft Visual Studio Solution File, Format Version 12.00
# Visual Studio 15
VisualStudioVersion = 15.0.28307.438
MinimumVisualStudioVersion = 10.0.40219.1
Project("{FAE04EC0-301F-11D3-BF4B-00C04F79EFBC}") = "ContoCorrente.4j", "ContoCorrente.4j\ContoCorrente.4j.csproj", "{4E943C89-C6DF-4A40-BFD1-1F3F337B973A}"
EndProject
Global
	GlobalSection(SolutionConfigurationPlatforms) = preSolution
		Debug|Any CPU = Debug|Any CPU
		Release|Any CPU = Release|Any CPU
	EndGlobalSection
	GlobalSection(ProjectConfigurationPlatforms) = postSolution
		{4E943C89-C6DF-4A40-BFD1-1F3F337B973A}.Debug|Any CPU.ActiveCfg = Debug|Any CPU
		{4E943C89-C6DF-4A40-BFD1-1F3F337B973A}.Debug|Any CPU.Build.0 = Debug|Any CPU
		{4E943C89-C6DF-4A40-BFD1-1F3F337B973A}.Release|Any CPU.ActiveCfg = Release|Any CPU
		{4E943C89-C6DF-4A40-BFD1-1F3F337B973A}.Release|Any CPU.Build.0 = Release|Any CPU
	EndGlobalSection
	GlobalSection(SolutionProperties) = preSolution
		HideSolutionNode = FALSE
	EndGlobalSection
	GlobalSection(ExtensibilityGlobals) = postSolution
		SolutionGuid = {35798956-47CD-4479-9483-A79A222EC602}
	EndGlobalSection
EndGlobal
